// !$*UTF8*$!
{
	archiveVersion = 1;
	classes = {
	};
	objectVersion = 50;
	objects = {

/* Begin PBXBuildFile section */
		84B6B2B9E62D38ED580A6E13 /* libPods-CustomPop.a in Frameworks */ = {isa = PBXBuildFile; fileRef = B79B3C163A2A9C61316F2306 /* libPods-CustomPop.a */; };
		E5A7392520DA9617003C3709 /* AppDelegate.m in Sources */ = {isa = PBXBuildFile; fileRef = E5A7392420DA9617003C3709 /* AppDelegate.m */; };
		E5A7392820DA9617003C3709 /* ViewController.m in Sources */ = {isa = PBXBuildFile; fileRef = E5A7392720DA9617003C3709 /* ViewController.m */; };
		E5A7392B20DA9617003C3709 /* Main.storyboard in Resources */ = {isa = PBXBuildFile; fileRef = E5A7392920DA9617003C3709 /* Main.storyboard */; };
		E5A7392D20DA9619003C3709 /* Assets.xcassets in Resources */ = {isa = PBXBuildFile; fileRef = E5A7392C20DA9619003C3709 /* Assets.xcassets */; };
		E5A7393020DA9619003C3709 /* LaunchScreen.storyboard in Resources */ = {isa = PBXBuildFile; fileRef = E5A7392E20DA9619003C3709 /* LaunchScreen.storyboard */; };
		E5A7393320DA9619003C3709 /* main.m in Sources */ = {isa = PBXBuildFile; fileRef = E5A7393220DA9619003C3709 /* main.m */; };
		E5A7393F20DA9B4C003C3709 /* ModalViewController.m in Sources */ = {isa = PBXBuildFile; fileRef = E5A7393E20DA9B4C003C3709 /* ModalViewController.m */; };
/* End PBXBuildFile section */

/* Begin PBXFileReference section */
		3772355B02BCAABCA98E3E9D /* Pods-CustomPop.release.xcconfig */ = {isa = PBXFileReference; includeInIndex = 1; lastKnownFileType = text.xcconfig; name = "Pods-CustomPop.release.xcconfig"; path = "Pods/Target Support Files/Pods-CustomPop/Pods-CustomPop.release.xcconfig"; sourceTree = "<group>"; };
		B79B3C163A2A9C61316F2306 /* libPods-CustomPop.a */ = {isa = PBXFileReference; explicitFileType = archive.ar; includeInIndex = 0; path = "libPods-CustomPop.a"; sourceTree = BUILT_PRODUCTS_DIR; };
		BC303081E8E3DCBE37E55697 /* Pods-CustomPop.debug.xcconfig */ = {isa = PBXFileReference; includeInIndex = 1; lastKnownFileType = text.xcconfig; name = "Pods-CustomPop.debug.xcconfig"; path = "Pods/Target Support Files/Pods-CustomPop/Pods-CustomPop.debug.xcconfig"; sourceTree = "<group>"; };
		E5A7392020DA9617003C3709 /* CustomPop.app */ = {isa = PBXFileReference; explicitFileType = wrapper.application; includeInIndex = 0; path = CustomPop.app; sourceTree = BUILT_PRODUCTS_DIR; };
		E5A7392320DA9617003C3709 /* AppDelegate.h */ = {isa = PBXFileReference; lastKnownFileType = sourcecode.c.h; path = AppDelegate.h; sourceTree = "<group>"; };
		E5A7392420DA9617003C3709 /* AppDelegate.m */ = {isa = PBXFileReference; lastKnownFileType = sourcecode.c.objc; path = AppDelegate.m; sourceTree = "<group>"; };
		E5A7392620DA9617003C3709 /* ViewController.h */ = {isa = PBXFileReference; lastKnownFileType = sourcecode.c.h; path = ViewController.h; sourceTree = "<group>"; };
		E5A7392720DA9617003C3709 /* ViewController.m */ = {isa = PBXFileReference; lastKnownFileType = sourcecode.c.objc; path = ViewController.m; sourceTree = "<group>"; };
		E5A7392A20DA9617003C3709 /* Base */ = {isa = PBXFileReference; lastKnownFileType = file.storyboard; name = Base; path = Base.lproj/Main.storyboard; sourceTree = "<group>"; };
		E5A7392C20DA9619003C3709 /* Assets.xcassets */ = {isa = PBXFileReference; lastKnownFileType = folder.assetcatalog; path = Assets.xcassets; sourceTree = "<group>"; };
		E5A7392F20DA9619003C3709 /* Base */ = {isa = PBXFileReference; lastKnownFileType = file.storyboard; name = Base; path = Base.lproj/LaunchScreen.storyboard; sourceTree = "<group>"; };
		E5A7393120DA9619003C3709 /* Info.plist */ = {isa = PBXFileReference; lastKnownFileType = text.plist.xml; path = Info.plist; sourceTree = "<group>"; };
		E5A7393220DA9619003C3709 /* main.m */ = {isa = PBXFileReference; lastKnownFileType = sourcecode.c.objc; path = main.m; sourceTree = "<group>"; };
		E5A7393D20DA9B4C003C3709 /* ModalViewController.h */ = {isa = PBXFileReference; lastKnownFileType = sourcecode.c.h; path = ModalViewController.h; sourceTree = "<group>"; };
		E5A7393E20DA9B4C003C3709 /* ModalViewController.m */ = {isa = PBXFileReference; lastKnownFileType = sourcecode.c.objc; path = ModalViewController.m; sourceTree = "<group>"; };
/* End PBXFileReference section */

/* Begin PBXFrameworksBuildPhase section */
		E5A7391D20DA9617003C3709 /* Frameworks */ = {
			isa = PBXFrameworksBuildPhase;
			buildActionMask = 2147483647;
			files = (
				84B6B2B9E62D38ED580A6E13 /* libPods-CustomPop.a in Frameworks */,
			);
			runOnlyForDeploymentPostprocessing = 0;
		};
/* End PBXFrameworksBuildPhase section */

/* Begin PBXGroup section */
		9B86DB739459D10C50471946 /* Pods */ = {
			isa = PBXGroup;
			children = (
				BC303081E8E3DCBE37E55697 /* Pods-CustomPop.debug.xcconfig */,
				3772355B02BCAABCA98E3E9D /* Pods-CustomPop.release.xcconfig */,
			);
			name = Pods;
			sourceTree = "<group>";
		};
		DD642DB704BE8F99911C53C1 /* Frameworks */ = {
			isa = PBXGroup;
			children = (
				B79B3C163A2A9C61316F2306 /* libPods-CustomPop.a */,
			);
			name = Frameworks;
			sourceTree = "<group>";
		};
		E5A7391720DA9617003C3709 = {
			isa = PBXGroup;
			children = (
				E5A7392220DA9617003C3709 /* CustomPop */,
				E5A7392120DA9617003C3709 /* Products */,
				9B86DB739459D10C50471946 /* Pods */,
				DD642DB704BE8F99911C53C1 /* Frameworks */,
			);
			sourceTree = "<group>";
		};
		E5A7392120DA9617003C3709 /* Products */ = {
			isa = PBXGroup;
			children = (
				E5A7392020DA9617003C3709 /* CustomPop.app */,
			);
			name = Products;
			sourceTree = "<group>";
		};
		E5A7392220DA9617003C3709 /* CustomPop */ = {
			isa = PBXGroup;
			children = (
				E5A7392320DA9617003C3709 /* AppDelegate.h */,
				E5A7392420DA9617003C3709 /* AppDelegate.m */,
				E5A7392620DA9617003C3709 /* ViewController.h */,
				E5A7392720DA9617003C3709 /* ViewController.m */,
				E5A7393D20DA9B4C003C3709 /* ModalViewController.h */,
				E5A7393E20DA9B4C003C3709 /* ModalViewController.m */,
				E5A7392920DA9617003C3709 /* Main.storyboard */,
				E5A7392C20DA9619003C3709 /* Assets.xcassets */,
				E5A7392E20DA9619003C3709 /* LaunchScreen.storyboard */,
				E5A7393120DA9619003C3709 /* Info.plist */,
				E5A7393220DA9619003C3709 /* main.m */,
			);
			path = CustomPop;
			sourceTree = "<group>";
		};
/* End PBXGroup section */

/* Begin PBXNativeTarget section */
		E5A7391F20DA9617003C3709 /* CustomPop */ = {
			isa = PBXNativeTarget;
			buildConfigurationList = E5A7393620DA9619003C3709 /* Build configuration list for PBXNativeTarget "CustomPop" */;
			buildPhases = (
				269E6D9441A666A352B6BDBD /* [CP] Check Pods Manifest.lock */,
				E5A7391C20DA9617003C3709 /* Sources */,
				E5A7391D20DA9617003C3709 /* Frameworks */,
				E5A7391E20DA9617003C3709 /* Resources */,
			);
			buildRules = (
			);
			dependencies = (
			);
			name = CustomPop;
			productName = CustomPop;
			productReference = E5A7392020DA9617003C3709 /* CustomPop.app */;
			productType = "com.apple.product-type.application";
		};
/* End PBXNativeTarget section */

/* Begin PBXProject section */
		E5A7391820DA9617003C3709 /* Project object */ = {
			isa = PBXProject;
			attributes = {
				LastUpgradeCheck = 0930;
				ORGANIZATIONNAME = Tomorrow;
				TargetAttributes = {
					E5A7391F20DA9617003C3709 = {
						CreatedOnToolsVersion = 9.3.1;
					};
				};
			};
			buildConfigurationList = E5A7391B20DA9617003C3709 /* Build configuration list for PBXProject "CustomPop" */;
			compatibilityVersion = "Xcode 9.3";
			developmentRegion = en;
			hasScannedForEncodings = 0;
			knownRegions = (
				en,
				Base,
			);
			mainGroup = E5A7391720DA9617003C3709;
			productRefGroup = E5A7392120DA9617003C3709 /* Products */;
			projectDirPath = "";
			projectRoot = "";
			targets = (
				E5A7391F20DA9617003C3709 /* CustomPop */,
			);
		};
/* End PBXProject section */

/* Begin PBXResourcesBuildPhase section */
		E5A7391E20DA9617003C3709 /* Resources */ = {
			isa = PBXResourcesBuildPhase;
			buildActionMask = 2147483647;
			files = (
				E5A7393020DA9619003C3709 /* LaunchScreen.storyboard in Resources */,
				E5A7392D20DA9619003C3709 /* Assets.xcassets in Resources */,
				E5A7392B20DA9617003C3709 /* Main.storyboard in Resources */,
			);
			runOnlyForDeploymentPostprocessing = 0;
		};
/* End PBXResourcesBuildPhase section */

/* Begin PBXShellScriptBuildPhase section */
		269E6D9441A666A352B6BDBD /* [CP] Check Pods Manifest.lock */ = {
			isa = PBXShellScriptBuildPhase;
			buildActionMask = 2147483647;
			files = (
			);
			inputPaths = (
				"${PODS_PODFILE_DIR_PATH}/Podfile.lock",
				"${PODS_ROOT}/Manifest.lock",
			);
			name = "[CP] Check Pods Manifest.lock";
			outputPaths = (
				"$(DERIVED_FILE_DIR)/Pods-CustomPop-checkManifestLockResult.txt",
			);
			runOnlyForDeploymentPostprocessing = 0;
			shellPath = /bin/sh;
			shellScript = "diff \"${PODS_PODFILE_DIR_PATH}/Podfile.lock\" \"${PODS_ROOT}/Manifest.lock\" > /dev/null\nif [ $? != 0 ] ; then\n    # print error to STDERR\n    echo \"error: The sandbox is not in sync with the Podfile.lock. Run 'pod install' or update your CocoaPods installation.\" >&2\n    exit 1\nfi\n# This output is used by Xcode 'outputs' to avoid re-running this script phase.\necho \"SUCCESS\" > \"${SCRIPT_OUTPUT_FILE_0}\"\n";
			showEnvVarsInLog = 0;
		};
/* End PBXShellScriptBuildPhase section */

/* Begin PBXSourcesBuildPhase section */
		E5A7391C20DA9617003C3709 /* Sources */ = {
			isa = PBXSourcesBuildPhase;
			buildActionMask = 2147483647;
			files = (
				E5A7392820DA9617003C3709 /* ViewController.m in Sources */,
				E5A7393F20DA9B4C003C3709 /* ModalViewController.m in Sources */,
				E5A7393320DA9619003C3709 /* main.m in Sources */,
				E5A7392520DA9617003C3709 /* AppDelegate.m in Sources */,
			);
			runOnlyForDeploymentPostprocessing = 0;
		};
/* End PBXSourcesBuildPhase section */

/* Begin PBXVariantGroup section */
		E5A7392920DA9617003C3709 /* Main.storyboard */ = {
			isa = PBXVariantGroup;
			children = (
				E5A7392A20DA9617003C3709 /* Base */,
			);
			name = Main.storyboard;
			sourceTree = "<group>";
		};
		E5A7392E20DA9619003C3709 /* LaunchScreen.storyboard */ = {
			isa = PBXVariantGroup;
			children = (
				E5A7392F20DA9619003C3709 /* Base */,
			);
			name = LaunchScreen.storyboard;
			sourceTree = "<group>";
		};
/* End PBXVariantGroup section */

/* Begin XCBuildConfiguration section */
		E5A7393420DA9619003C3709 /* Debug */ = {
			isa = XCBuildConfiguration;
			buildSettings = {
				ALWAYS_SEARCH_USER_PATHS = NO;
				CLANG_ANALYZER_NONNULL = YES;
				CLANG_ANALYZER_NUMBER_OBJECT_CONVERSION = YES_AGGRESSIVE;
				CLANG_CXX_LANGUAGE_STANDARD = "gnu++14";
				CLANG_CXX_LIBRARY = "libc++";
				CLANG_ENABLE_MODULES = YES;
				CLANG_ENABLE_OBJC_ARC = YES;
				CLANG_ENABLE_OBJC_WEAK = YES;
				CLANG_WARN_BLOCK_CAPTURE_AUTORELEASING = YES;
				CLANG_WARN_BOOL_CONVERSION = YES;
				CLANG_WARN_COMMA = YES;
				CLANG_WARN_CONSTANT_CONVERSION = YES;
				CLANG_WARN_DEPRECATED_OBJC_IMPLEMENTATIONS = YES;
				CLANG_WARN_DIRECT_OBJC_ISA_USAGE = YES_ERROR;
				CLANG_WARN_DOCUMENTATION_COMMENTS = YES;
				CLANG_WARN_EMPTY_BODY = YES;
				CLANG_WARN_ENUM_CONVERSION = YES;
				CLANG_WARN_INFINITE_RECURSION = YES;
				CLANG_WARN_INT_CONVERSION = YES;
				CLANG_WARN_NON_LITERAL_NULL_CONVERSION = YES;
				CLANG_WARN_OBJC_IMPLICIT_RETAIN_SELF = YES;
				CLANG_WARN_OBJC_LITERAL_CONVERSION = YES;
				CLANG_WARN_OBJC_ROOT_CLASS = YES_ERROR;
				CLANG_WARN_RANGE_LOOP_ANALYSIS = YES;
				CLANG_WARN_STRICT_PROTOTYPES = YES;
				CLANG_WARN_SUSPICIOUS_MOVE = YES;
				CLANG_WARN_UNGUARDED_AVAILABILITY = YES_AGGRESSIVE;
				CLANG_WARN_UNREACHABLE_CODE = YES;
				CLANG_WARN__DUPLICATE_METHOD_MATCH = YES;
				CODE_SIGN_IDENTITY = "iPhone Developer";
				COPY_PHASE_STRIP = NO;
				DEBUG_INFORMATION_FORMAT = dwarf;
				ENABLE_STRICT_OBJC_MSGSEND = YES;
				ENABLE_TESTABILITY = YES;
				GCC_C_LANGUAGE_STANDARD = gnu11;
				GCC_DYNAMIC_NO_PIC = NO;
				GCC_NO_COMMON_BLOCKS = YES;
				GCC_OPTIMIZATION_LEVEL = 0;
				GCC_PREPROCESSOR_DEFINITIONS = (
					"DEBUG=1",
					"$(inherited)",
				);
				GCC_WARN_64_TO_32_BIT_CONVERSION = YES;
				GCC_WARN_ABOUT_RETURN_TYPE = YES_ERROR;
				GCC_WARN_UNDECLARED_SELECTOR = YES;
				GCC_WARN_UNINITIALIZED_AUTOS = YES_AGGRESSIVE;
				GCC_WARN_UNUSED_FUNCTION = YES;
				GCC_WARN_UNUSED_VARIABLE = YES;
				IPHONEOS_DEPLOYMENT_TARGET = 11.3;
				MTL_ENABLE_DEBUG_INFO = YES;
				ONLY_ACTIVE_ARCH = YES;
				SDKROOT = iphoneos;
			};
			name = Debug;
		};
		E5A7393520DA9619003C3709 /* Release */ = {
			isa = XCBuildConfiguration;
			buildSettings = {
				ALWAYS_SEARCH_USER_PATHS = NO;
				CLANG_ANALYZER_NONNULL = YES;
				CLANG_ANALYZER_NUMBER_OBJECT_CONVERSION = YES_AGGRESSIVE;
				CLANG_CXX_LANGUAGE_STANDARD = "gnu++14";
				CLANG_CXX_LIBRARY = "libc++";
				CLANG_ENABLE_MODULES = YES;
				CLANG_ENABLE_OBJC_ARC = YES;
				CLANG_ENABLE_OBJC_WEAK = YES;
				CLANG_WARN_BLOCK_CAPTURE_AUTORELEASING = YES;
				CLANG_WARN_BOOL_CONVERSION = YES;
				CLANG_WARN_COMMA = YES;
				CLANG_WARN_CONSTANT_CONVERSION = YES;
				CLANG_WARN_DEPRECATED_OBJC_IMPLEMENTATIONS = YES;
				CLANG_WARN_DIRECT_OBJC_ISA_USAGE = YES_ERROR;
				CLANG_WARN_DOCUMENTATION_COMMENTS = YES;
				CLANG_WARN_EMPTY_BODY = YES;
				CLANG_WARN_ENUM_CONVERSION = YES;
				CLANG_WARN_INFINITE_RECURSION = YES;
				CLANG_WARN_INT_CONVERSION = YES;
				CLANG_WARN_NON_LITERAL_NULL_CONVERSION = YES;
				CLANG_WARN_OBJC_IMPLICIT_RETAIN_SELF = YES;
				CLANG_WARN_OBJC_LITERAL_CONVERSION = YES;
				CLANG_WARN_OBJC_ROOT_CLASS = YES_ERROR;
				CLANG_WARN_RANGE_LOOP_ANALYSIS = YES;
				CLANG_WARN_STRICT_PROTOTYPES = YES;
				CLANG_WARN_SUSPICIOUS_MOVE = YES;
				CLANG_WARN_UNGUARDED_AVAILABILITY = YES_AGGRESSIVE;
				CLANG_WARN_UNREACHABLE_CODE = YES;
				CLANG_WARN__DUPLICATE_METHOD_MATCH = YES;
				CODE_SIGN_IDENTITY = "iPhone Developer";
				COPY_PHASE_STRIP = NO;
				DEBUG_INFORMATION_FORMAT = "dwarf-with-dsym";
				ENABLE_NS_ASSERTIONS = NO;
				ENABLE_STRICT_OBJC_MSGSEND = YES;
				GCC_C_LANGUAGE_STANDARD = gnu11;
				GCC_NO_COMMON_BLOCKS = YES;
				GCC_WARN_64_TO_32_BIT_CONVERSION = YES;
				GCC_WARN_ABOUT_RETURN_TYPE = YES_ERROR;
				GCC_WARN_UNDECLARED_SELECTOR = YES;
				GCC_WARN_UNINITIALIZED_AUTOS = YES_AGGRESSIVE;
				GCC_WARN_UNUSED_FUNCTION = YES;
				GCC_WARN_UNUSED_VARIABLE = YES;
				IPHONEOS_DEPLOYMENT_TARGET = 11.3;
				MTL_ENABLE_DEBUG_INFO = NO;
				SDKROOT = iphoneos;
				VALIDATE_PRODUCT = YES;
			};
			name = Release;
		};
		E5A7393720DA9619003C3709 /* Debug */ = {
			isa = XCBuildConfiguration;
			baseConfigurationReference = BC303081E8E3DCBE37E55697 /* Pods-CustomPop.debug.xcconfig */;
			buildSettings = {
				ASSETCATALOG_COMPILER_APPICON_NAME = AppIcon;
				CODE_SIGN_STYLE = Automatic;
				INFOPLIST_FILE = CustomPop/Info.plist;
				LD_RUNPATH_SEARCH_PATHS = (
					"$(inherited)",
					"@executable_path/Frameworks",
				);
				PRODUCT_BUNDLE_IDENTIFIER = tinghua.CustomPop;
				PRODUCT_NAME = "$(TARGET_NAME)";
				TARGETED_DEVICE_FAMILY = "1,2";
			};
			name = Debug;
		};
		E5A7393820DA9619003C3709 /* Release */ = {
			isa = XCBuildConfiguration;
			baseConfigurationReference = 3772355B02BCAABCA98E3E9D /* Pods-CustomPop.release.xcconfig */;
			buildSettings = {
				ASSETCATALOG_COMPILER_APPICON_NAME = AppIcon;
				CODE_SIGN_STYLE = Automatic;
				INFOPLIST_FILE = CustomPop/Info.plist;
				LD_RUNPATH_SEARCH_PATHS = (
					"$(inherited)",
					"@executable_path/Frameworks",
				);
				PRODUCT_BUNDLE_IDENTIFIER = tinghua.CustomPop;
				PRODUCT_NAME = "$(TARGET_NAME)";
				TARGETED_DEVICE_FAMILY = "1,2";
			};
			name = Release;
		};
/* End XCBuildConfiguration section */

/* Begin XCConfigurationList section */
		E5A7391B20DA9617003C3709 /* Build configuration list for PBXProject "CustomPop" */ = {
			isa = XCConfigurationList;
			buildConfigurations = (
				E5A7393420DA9619003C3709 /* Debug */,
				E5A7393520DA9619003C3709 /* Release */,
			);
			defaultConfigurationIsVisible = 0;
			defaultConfigurationName = Release;
		};
		E5A7393620DA9619003C3709 /* Build configuration list for PBXNativeTarget "CustomPop" */ = {
			isa = XCConfigurationList;
			buildConfigurations = (
				E5A7393720DA9619003C3709 /* Debug */,
				E5A7393820DA9619003C3709 /* Release */,
			);
			defaultConfigurationIsVisible = 0;
			defaultConfigurationName = Release;
		};
/* End XCConfigurationList section */
	};
	rootObject = E5A7391820DA9617003C3709 /* Project object */;
}
